
Microsoft Visual Studio Solution File, Format Version 12.00
Project("{FAE04EC0-301F-11D3-BF4B-00C04F79EFBC}") = "BudgetBuddy.API.ModularMonolith", "BudgetBuddy.API.ModularMonolith\BudgetBuddy.API.ModularMonolith.csproj", "{EB52A0CA-0957-4DA6-B4A2-1B7999A74563}"
EndProject
Global
	GlobalSection(SolutionConfigurationPlatforms) = preSolution
		Debug|Any CPU = Debug|Any CPU
		Release|Any CPU = Release|Any CPU
	EndGlobalSection
	GlobalSection(ProjectConfigurationPlatforms) = postSolution
		{EB52A0CA-0957-4DA6-B4A2-1B7999A74563}.Debug|Any CPU.ActiveCfg = Debug|Any CPU
		{EB52A0CA-0957-4DA6-B4A2-1B7999A74563}.Debug|Any CPU.Build.0 = Debug|Any CPU
		{EB52A0CA-0957-4DA6-B4A2-1B7999A74563}.Release|Any CPU.ActiveCfg = Release|Any CPU
		{EB52A0CA-0957-4DA6-B4A2-1B7999A74563}.Release|Any CPU.Build.0 = Release|Any CPU
	EndGlobalSection
EndGlobal
